{
  "nodes": {
    "bpmn-auto-layout": {
      "inputs": {
        "bpmn-to-image": "bpmn-to-image",
        "nixpkgs": [
          "nixpkgs"
        ]
      },
      "locked": {
        "lastModified": 1789328097,
        "narHash": "sha256-zyCq/a/rx+6XQHrG/8S0Di5/qXczHBcye1r1BxlBL70=",
        "owner": "datakurre",
        "repo": "bpmn-auto-layout",
        "rev": "9680eff71f58bce864a79edbc59a57afe65ad4d2",
        "type": "github"
      },
      "original": {
        "owner": "datakurre",
        "repo": "bpmn-auto-layout",
        "type": "github"
      }
    },
    "bpmn-to-image": {
      "inputs": {
        "flake-utils": "flake-utils",
        "nixpkgs": [
          "bpmn-auto-layout",
          "nixpkgs"
        ]
      },
      "locked": {
        "lastModified": 1789222056,
        "narHash": "sha256-NbuGqA8zwqE1KPSA6N/cYA1BAqBVNu6gWPhuiO1rtKI=",
        "owner": "datakurre",
        "repo": "bpmn-to-image",
        "rev": "6ea890508118ab38f40bcea44a67aa70206ab1a2",
        "type": "github"
      },
      "original": {
        "owner": "datakurre",
        "repo": "bpmn-to-image",
        "type": "github"
      }
    },
    "bpmn-to-image_2": {
      "inputs": {
        "flake-utils": "flake-utils_2",
        "nixpkgs": [
          "nixpkgs"
        ]
      },
      "locked": {
        "lastModified": 1789419791,
        "narHash": "sha256-0Ork8LazLSw5nV3SZ98UmcoGLFRoH+4fjSIMFT1Kk6k=",
        "owner": "datakurre",
        "repo": "bpmn-to-image",
        "rev": "1051171262838568d541f97844ed6398b3ff2b12",
        "type": "github"
      },
      "original": {
        "owner": "datakurre",
        "repo": "bpmn-to-image",
        "type": "github"
      }
    },
    "flake-utils": {
      "inputs": {
        "systems": "systems"
      },
      "locked": {
        "lastModified": 1731533236,
        "narHash": "sha256-l0KFg5HjrsfsO/JpG+r7fRrqm12kzFHyUHqHCVpMMbI=",
        "owner": "numtide",
        "repo": "flake-utils",
        "rev": "11707dc2f618dd54ca8739b309ec4fc024de578b",
        "type": "github"
      },
      "original": {
        "owner": "numtide",
        "repo": "flake-utils",
        "type": "github"
      }
    },
    "flake-utils_2": {
      "inputs": {
        "systems": "systems_2"
      },
      "locked": {
        "lastModified": 1731533236,
        "narHash": "sha256-l0KFg5HjrsfsO/JpG+r7fRrqm12kzFHyUHqHCVpMMbI=",
        "owner": "numtide",
        "repo": "flake-utils",
        "rev": "11707dc2f618dd54ca8739b309ec4fc024de578b",
        "type": "github"
      },
      "original": {
        "owner": "numtide",
        "repo": "flake-utils",
        "type": "github"
      }
    },
    "nixpkgs": {
      "locked": {
        "lastModified": 1789286504,
        "narHash": "sha256-eiEK7cKZORNEvX0GeF3RtNEF/JXhgf2RqSp3230q13E=",
        "owner": "NixOS",
        "repo": "nixpkgs",
        "rev": "ef34387ddd751e1ab8857adf4676492d32eb24ec",
        "type": "github"
      },
      "original": {
        "owner": "NixOS",
        "ref": "nixos-unstable",
        "repo": "nixpkgs",
        "type": "github"
      }
    },
    "outline": {
      "inputs": {
        "nixpkgs": [
          "nixpkgs"
        ]
      },
      "locked": {
        "lastModified": 1789321050,
        "narHash": "sha256-7YfD3m64jFkhbK+VewM7k6KmLECDq4LoOqjwweiqzDg=",
        "owner": "datakurre",
        "repo": "outline",
        "rev": "aa6a3d0fe02a9853e928eaea4316aec6d0f12188",
        "type": "github"
      },
      "original": {
        "owner": "datakurre",
        "repo": "outline",
        "type": "github"
      }
    },
    "root": {
      "inputs": {
        "bpmn-auto-layout": "bpmn-auto-layout",
        "bpmn-to-image": "bpmn-to-image_2",
        "nixpkgs": "nixpkgs",
        "outline": "outline"
      }
    },
    "systems": {
      "locked": {
        "lastModified": 1681028828,
        "narHash": "sha256-Vy1rq5AaRuLzOxct8nz4T6wlgyUR7zLU309k9mBC768=",
        "owner": "nix-systems",
        "repo": "default",
        "rev": "da67096a3b9bf56a91d16901293e51ba5b49a27e",
        "type": "github"
      },
      "original": {
        "owner": "nix-systems",
        "repo": "default",
        "type": "github"
      }
    },
    "systems_2": {
      "locked": {
        "lastModified": 1681028828,
        "narHash": "sha256-Vy1rq5AaRuLzOxct8nz4T6wlgyUR7zLU309k9mBC768=",
        "owner": "nix-systems",
        "repo": "default",
        "rev": "da67096a3b9bf56a91d16901293e51ba5b49a27e",
        "type": "github"
      },
      "original": {
        "owner": "nix-systems",
        "repo": "default",
        "type": "github"
      }
    }
  },
  "root": "root",
  "version": 7
}
