{
  "nodes": {
    "bpmn-auto-layout": {
      "inputs": {
        "bpmn-to-image": "bpmn-to-image",
        "nixpkgs": [
          "nixpkgs"
        ]
      },
      "locked": {
        "lastModified": 1790021392,
        "narHash": "sha256-r01t4qTez8MZ853qbiz5Z7lzE5XS3o00YbjDZQW5rsc=",
        "owner": "datakurre",
        "repo": "bpmn-auto-layout",
        "rev": "82bc81c78e6abb2637f69b9c1b82017c02516c8c",
        "type": "github"
      },
      "original": {
        "owner": "datakurre",
        "repo": "bpmn-auto-layout",
        "type": "github"
      }
    },
    "bpmn-to-image": {
      "inputs": {
        "flake-utils": "flake-utils",
        "nixpkgs": [
          "bpmn-auto-layout",
          "nixpkgs"
        ]
      },
      "locked": {
        "lastModified": 1789222056,
        "narHash": "sha256-NbuGqA8zwqE1KPSA6N/cYA1BAqBVNu6gWPhuiO1rtKI=",
        "owner": "datakurre",
        "repo": "bpmn-to-image",
        "rev": "6ea890508118ab38f40bcea44a67aa70206ab1a2",
        "type": "github"
      },
      "original": {
        "owner": "datakurre",
        "repo": "bpmn-to-image",
        "type": "github"
      }
    },
    "bpmn-to-image_2": {
      "inputs": {
        "flake-utils": "flake-utils_2",
        "nixpkgs": [
          "nixpkgs"
        ]
      },
      "locked": {
        "lastModified": 1790083614,
        "narHash": "sha256-N6f8NVDruCiaOsGZ16ZepIqZzS6vsBxofzxmDD2+iMQ=",
        "owner": "datakurre",
        "repo": "bpmn-to-image",
        "rev": "376d836af83834bc1d9b5a08b0952070086a5972",
        "type": "github"
      },
      "original": {
        "owner": "datakurre",
        "repo": "bpmn-to-image",
        "type": "github"
      }
    },
    "flake-utils": {
      "inputs": {
        "systems": "systems"
      },
      "locked": {
        "lastModified": 1731533236,
        "narHash": "sha256-l0KFg5HjrsfsO/JpG+r7fRrqm12kzFHyUHqHCVpMMbI=",
        "owner": "numtide",
        "repo": "flake-utils",
        "rev": "11707dc2f618dd54ca8739b309ec4fc024de578b",
        "type": "github"
      },
      "original": {
        "owner": "numtide",
        "repo": "flake-utils",
        "type": "github"
      }
    },
    "flake-utils_2": {
      "inputs": {
        "systems": "systems_2"
      },
      "locked": {
        "lastModified": 1731533236,
        "narHash": "sha256-l0KFg5HjrsfsO/JpG+r7fRrqm12kzFHyUHqHCVpMMbI=",
        "owner": "numtide",
        "repo": "flake-utils",
        "rev": "11707dc2f618dd54ca8739b309ec4fc024de578b",
        "type": "github"
      },
      "original": {
        "owner": "numtide",
        "repo": "flake-utils",
        "type": "github"
      }
    },
    "nixpkgs": {
      "locked": {
        "lastModified": 1789921291,
        "narHash": "sha256-Ft/BRnIqw1MywFoXydKobjjWmDFgDdYtSpJliE8+yUw=",
        "owner": "NixOS",
        "repo": "nixpkgs",
        "rev": "44a91898084f46797b5fac650c7e8c9ac38c43d4",
        "type": "github"
      },
      "original": {
        "owner": "NixOS",
        "ref": "nixos-unstable",
        "repo": "nixpkgs",
        "type": "github"
      }
    },
    "outline": {
      "inputs": {
        "nixpkgs": [
          "nixpkgs"
        ]
      },
      "locked": {
        "lastModified": 1789321050,
        "narHash": "sha256-7YfD3m64jFkhbK+VewM7k6KmLECDq4LoOqjwweiqzDg=",
        "owner": "datakurre",
        "repo": "outline",
        "rev": "aa6a3d0fe02a9853e928eaea4316aec6d0f12188",
        "type": "github"
      },
      "original": {
        "owner": "datakurre",
        "repo": "outline",
        "type": "github"
      }
    },
    "root": {
      "inputs": {
        "bpmn-auto-layout": "bpmn-auto-layout",
        "bpmn-to-image": "bpmn-to-image_2",
        "nixpkgs": "nixpkgs",
        "outline": "outline"
      }
    },
    "systems": {
      "locked": {
        "lastModified": 1681028828,
        "narHash": "sha256-Vy1rq5AaRuLzOxct8nz4T6wlgyUR7zLU309k9mBC768=",
        "owner": "nix-systems",
        "repo": "default",
        "rev": "da67096a3b9bf56a91d16901293e51ba5b49a27e",
        "type": "github"
      },
      "original": {
        "owner": "nix-systems",
        "repo": "default",
        "type": "github"
      }
    },
    "systems_2": {
      "locked": {
        "lastModified": 1681028828,
        "narHash": "sha256-Vy1rq5AaRuLzOxct8nz4T6wlgyUR7zLU309k9mBC768=",
        "owner": "nix-systems",
        "repo": "default",
        "rev": "da67096a3b9bf56a91d16901293e51ba5b49a27e",
        "type": "github"
      },
      "original": {
        "owner": "nix-systems",
        "repo": "default",
        "type": "github"
      }
    }
  },
  "root": "root",
  "version": 7
}
